
Microsoft Visual Studio Solution File, Format Version 12.00
# Visual Studio Version 17
VisualStudioVersion = 17.14.36310.24 d17.14
MinimumVisualStudioVersion = 10.0.40219.1
Project("{FAE04EC0-301F-11D3-BF4B-00C04F79EFBC}") = "23) File Name Versioning", "23) File Name Versioning.csproj", "{ECBE3FF3-D550-4EAF-A696-9B8A8374ECE2}"
EndProject
Global
	GlobalSection(SolutionConfigurationPlatforms) = preSolution
		Debug|Any CPU = Debug|Any CPU
		Release|Any CPU = Release|Any CPU
	EndGlobalSection
	GlobalSection(ProjectConfigurationPlatforms) = postSolution
		{ECBE3FF3-D550-4EAF-A696-9B8A8374ECE2}.Debug|Any CPU.ActiveCfg = Debug|Any CPU
		{ECBE3FF3-D550-4EAF-A696-9B8A8374ECE2}.Debug|Any CPU.Build.0 = Debug|Any CPU
		{ECBE3FF3-D550-4EAF-A696-9B8A8374ECE2}.Release|Any CPU.ActiveCfg = Release|Any CPU
		{ECBE3FF3-D550-4EAF-A696-9B8A8374ECE2}.Release|Any CPU.Build.0 = Release|Any CPU
	EndGlobalSection
	GlobalSection(SolutionProperties) = preSolution
		HideSolutionNode = FALSE
	EndGlobalSection
	GlobalSection(ExtensibilityGlobals) = postSolution
		SolutionGuid = {79AC95CB-DC1A-40C7-804B-A045FA423584}
	EndGlobalSection
EndGlobal
